// !$*UTF8*$!
{
	archiveVersion = 1;
	classes = {
	};
	objectVersion = 55;
	objects = {

/* Begin PBXBuildFile section */
		5739EBB327507321001F1ADA /* YLTopGoodInfoCell.xib in Resources */ = {isa = PBXBuildFile; fileRef = 5739EBB127507321001F1ADA /* YLTopGoodInfoCell.xib */; };
		5739EBB427507321001F1ADA /* YLTopGoodInfoCell.swift in Sources */ = {isa = PBXBuildFile; fileRef = 5739EBB227507321001F1ADA /* YLTopGoodInfoCell.swift */; };
		5739EBBB2750B7AE001F1ADA /* YLAutoCycleComfig.swift in Sources */ = {isa = PBXBuildFile; fileRef = 5739EBB92750B7AE001F1ADA /* YLAutoCycleComfig.swift */; };
		5739EBBC2750B7AE001F1ADA /* YLAutoCycleScrollView.swift in Sources */ = {isa = PBXBuildFile; fileRef = 5739EBBA2750B7AE001F1ADA /* YLAutoCycleScrollView.swift */; };
		57B61A16274E48B5009EAD4A /* AppDelegate.swift in Sources */ = {isa = PBXBuildFile; fileRef = 57B61A15274E48B5009EAD4A /* AppDelegate.swift */; };
		57B61A18274E48B5009EAD4A /* SceneDelegate.swift in Sources */ = {isa = PBXBuildFile; fileRef = 57B61A17274E48B5009EAD4A /* SceneDelegate.swift */; };
		57B61A1A274E48B5009EAD4A /* ViewController.swift in Sources */ = {isa = PBXBuildFile; fileRef = 57B61A19274E48B5009EAD4A /* ViewController.swift */; };
		57B61A1D274E48B5009EAD4A /* Main.storyboard in Resources */ = {isa = PBXBuildFile; fileRef = 57B61A1B274E48B5009EAD4A /* Main.storyboard */; };
		57B61A1F274E48B7009EAD4A /* Assets.xcassets in Resources */ = {isa = PBXBuildFile; fileRef = 57B61A1E274E48B7009EAD4A /* Assets.xcassets */; };
		57B61A22274E48B7009EAD4A /* LaunchScreen.storyboard in Resources */ = {isa = PBXBuildFile; fileRef = 57B61A20274E48B7009EAD4A /* LaunchScreen.storyboard */; };
/* End PBXBuildFile section */

/* Begin PBXFileReference section */
		5739EBB127507321001F1ADA /* YLTopGoodInfoCell.xib */ = {isa = PBXFileReference; fileEncoding = 4; lastKnownFileType = file.xib; path = YLTopGoodInfoCell.xib; sourceTree = "<group>"; };
		5739EBB227507321001F1ADA /* YLTopGoodInfoCell.swift */ = {isa = PBXFileReference; fileEncoding = 4; lastKnownFileType = sourcecode.swift; path = YLTopGoodInfoCell.swift; sourceTree = "<group>"; };
		5739EBB92750B7AE001F1ADA /* YLAutoCycleComfig.swift */ = {isa = PBXFileReference; fileEncoding = 4; lastKnownFileType = sourcecode.swift; path = YLAutoCycleComfig.swift; sourceTree = "<group>"; };
		5739EBBA2750B7AE001F1ADA /* YLAutoCycleScrollView.swift */ = {isa = PBXFileReference; fileEncoding = 4; lastKnownFileType = sourcecode.swift; path = YLAutoCycleScrollView.swift; sourceTree = "<group>"; };
		57B61A12274E48B5009EAD4A /* YLAutoCycleScrollView.app */ = {isa = PBXFileReference; explicitFileType = wrapper.application; includeInIndex = 0; path = YLAutoCycleScrollView.app; sourceTree = BUILT_PRODUCTS_DIR; };
		57B61A15274E48B5009EAD4A /* AppDelegate.swift */ = {isa = PBXFileReference; lastKnownFileType = sourcecode.swift; path = AppDelegate.swift; sourceTree = "<group>"; };
		57B61A17274E48B5009EAD4A /* SceneDelegate.swift */ = {isa = PBXFileReference; lastKnownFileType = sourcecode.swift; path = SceneDelegate.swift; sourceTree = "<group>"; };
		57B61A19274E48B5009EAD4A /* ViewController.swift */ = {isa = PBXFileReference; lastKnownFileType = sourcecode.swift; path = ViewController.swift; sourceTree = "<group>"; };
		57B61A1C274E48B5009EAD4A /* Base */ = {isa = PBXFileReference; lastKnownFileType = file.storyboard; name = Base; path = Base.lproj/Main.storyboard; sourceTree = "<group>"; };
		57B61A1E274E48B7009EAD4A /* Assets.xcassets */ = {isa = PBXFileReference; lastKnownFileType = folder.assetcatalog; path = Assets.xcassets; sourceTree = "<group>"; };
		57B61A21274E48B7009EAD4A /* Base */ = {isa = PBXFileReference; lastKnownFileType = file.storyboard; name = Base; path = Base.lproj/LaunchScreen.storyboard; sourceTree = "<group>"; };
		57B61A23274E48B7009EAD4A /* Info.plist */ = {isa = PBXFileReference; lastKnownFileType = text.plist.xml; path = Info.plist; sourceTree = "<group>"; };
/* End PBXFileReference section */

/* Begin PBXFrameworksBuildPhase section */
		57B61A0F274E48B5009EAD4A /* Frameworks */ = {
			isa = PBXFrameworksBuildPhase;
			buildActionMask = 2147483647;
			files = (
			);
			runOnlyForDeploymentPostprocessing = 0;
		};
/* End PBXFrameworksBuildPhase section */

/* Begin PBXGroup section */
		57B61A09274E48B5009EAD4A = {
			isa = PBXGroup;
			children = (
				57B61A14274E48B5009EAD4A /* YLAutoCycleScrollView */,
				57B61A13274E48B5009EAD4A /* Products */,
			);
			sourceTree = "<group>";
		};
		57B61A13274E48B5009EAD4A /* Products */ = {
			isa = PBXGroup;
			children = (
				57B61A12274E48B5009EAD4A /* YLAutoCycleScrollView.app */,
			);
			name = Products;
			sourceTree = "<group>";
		};
		57B61A14274E48B5009EAD4A /* YLAutoCycleScrollView */ = {
			isa = PBXGroup;
			children = (
				57B61A29274E48C1009EAD4A /* YLAutoCycleScrollView */,
				57B61A15274E48B5009EAD4A /* AppDelegate.swift */,
				57B61A17274E48B5009EAD4A /* SceneDelegate.swift */,
				57B61A19274E48B5009EAD4A /* ViewController.swift */,
				5739EBB227507321001F1ADA /* YLTopGoodInfoCell.swift */,
				5739EBB127507321001F1ADA /* YLTopGoodInfoCell.xib */,
				57B61A1B274E48B5009EAD4A /* Main.storyboard */,
				57B61A1E274E48B7009EAD4A /* Assets.xcassets */,
				57B61A20274E48B7009EAD4A /* LaunchScreen.storyboard */,
				57B61A23274E48B7009EAD4A /* Info.plist */,
			);
			path = YLAutoCycleScrollView;
			sourceTree = "<group>";
		};
		57B61A29274E48C1009EAD4A /* YLAutoCycleScrollView */ = {
			isa = PBXGroup;
			children = (
				5739EBB92750B7AE001F1ADA /* YLAutoCycleComfig.swift */,
				5739EBBA2750B7AE001F1ADA /* YLAutoCycleScrollView.swift */,
			);
			path = YLAutoCycleScrollView;
			sourceTree = "<group>";
		};
/* End PBXGroup section */

/* Begin PBXNativeTarget section */
		57B61A11274E48B5009EAD4A /* YLAutoCycleScrollView */ = {
			isa = PBXNativeTarget;
			buildConfigurationList = 57B61A26274E48B7009EAD4A /* Build configuration list for PBXNativeTarget "YLAutoCycleScrollView" */;
			buildPhases = (
				57B61A0E274E48B5009EAD4A /* Sources */,
				57B61A0F274E48B5009EAD4A /* Frameworks */,
				57B61A10274E48B5009EAD4A /* Resources */,
			);
			buildRules = (
			);
			dependencies = (
			);
			name = YLAutoCycleScrollView;
			productName = YLAutoCycleScrollView;
			productReference = 57B61A12274E48B5009EAD4A /* YLAutoCycleScrollView.app */;
			productType = "com.apple.product-type.application";
		};
/* End PBXNativeTarget section */

/* Begin PBXProject section */
		57B61A0A274E48B5009EAD4A /* Project object */ = {
			isa = PBXProject;
			attributes = {
				BuildIndependentTargetsInParallel = 1;
				LastSwiftUpdateCheck = 1310;
				LastUpgradeCheck = 1310;
				TargetAttributes = {
					57B61A11274E48B5009EAD4A = {
						CreatedOnToolsVersion = 13.1;
					};
				};
			};
			buildConfigurationList = 57B61A0D274E48B5009EAD4A /* Build configuration list for PBXProject "YLAutoCycleScrollView" */;
			compatibilityVersion = "Xcode 13.0";
			developmentRegion = en;
			hasScannedForEncodings = 0;
			knownRegions = (
				en,
				Base,
			);
			mainGroup = 57B61A09274E48B5009EAD4A;
			productRefGroup = 57B61A13274E48B5009EAD4A /* Products */;
			projectDirPath = "";
			projectRoot = "";
			targets = (
				57B61A11274E48B5009EAD4A /* YLAutoCycleScrollView */,
			);
		};
/* End PBXProject section */

/* Begin PBXResourcesBuildPhase section */
		57B61A10274E48B5009EAD4A /* Resources */ = {
			isa = PBXResourcesBuildPhase;
			buildActionMask = 2147483647;
			files = (
				57B61A22274E48B7009EAD4A /* LaunchScreen.storyboard in Resources */,
				57B61A1F274E48B7009EAD4A /* Assets.xcassets in Resources */,
				57B61A1D274E48B5009EAD4A /* Main.storyboard in Resources */,
				5739EBB327507321001F1ADA /* YLTopGoodInfoCell.xib in Resources */,
			);
			runOnlyForDeploymentPostprocessing = 0;
		};
/* End PBXResourcesBuildPhase section */

/* Begin PBXSourcesBuildPhase section */
		57B61A0E274E48B5009EAD4A /* Sources */ = {
			isa = PBXSourcesBuildPhase;
			buildActionMask = 2147483647;
			files = (
				57B61A1A274E48B5009EAD4A /* ViewController.swift in Sources */,
				5739EBBB2750B7AE001F1ADA /* YLAutoCycleComfig.swift in Sources */,
				57B61A16274E48B5009EAD4A /* AppDelegate.swift in Sources */,
				5739EBB427507321001F1ADA /* YLTopGoodInfoCell.swift in Sources */,
				5739EBBC2750B7AE001F1ADA /* YLAutoCycleScrollView.swift in Sources */,
				57B61A18274E48B5009EAD4A /* SceneDelegate.swift in Sources */,
			);
			runOnlyForDeploymentPostprocessing = 0;
		};
/* End PBXSourcesBuildPhase section */

/* Begin PBXVariantGroup section */
		57B61A1B274E48B5009EAD4A /* Main.storyboard */ = {
			isa = PBXVariantGroup;
			children = (
				57B61A1C274E48B5009EAD4A /* Base */,
			);
			name = Main.storyboard;
			sourceTree = "<group>";
		};
		57B61A20274E48B7009EAD4A /* LaunchScreen.storyboard */ = {
			isa = PBXVariantGroup;
			children = (
				57B61A21274E48B7009EAD4A /* Base */,
			);
			name = LaunchScreen.storyboard;
			sourceTree = "<group>";
		};
/* End PBXVariantGroup section */

/* Begin XCBuildConfiguration section */
		57B61A24274E48B7009EAD4A /* Debug */ = {
			isa = XCBuildConfiguration;
			buildSettings = {
				ALWAYS_SEARCH_USER_PATHS = NO;
				CLANG_ANALYZER_NONNULL = YES;
				CLANG_ANALYZER_NUMBER_OBJECT_CONVERSION = YES_AGGRESSIVE;
				CLANG_CXX_LANGUAGE_STANDARD = "gnu++17";
				CLANG_CXX_LIBRARY = "libc++";
				CLANG_ENABLE_MODULES = YES;
				CLANG_ENABLE_OBJC_ARC = YES;
				CLANG_ENABLE_OBJC_WEAK = YES;
				CLANG_WARN_BLOCK_CAPTURE_AUTORELEASING = YES;
				CLANG_WARN_BOOL_CONVERSION = YES;
				CLANG_WARN_COMMA = YES;
				CLANG_WARN_CONSTANT_CONVERSION = YES;
				CLANG_WARN_DEPRECATED_OBJC_IMPLEMENTATIONS = YES;
				CLANG_WARN_DIRECT_OBJC_ISA_USAGE = YES_ERROR;
				CLANG_WARN_DOCUMENTATION_COMMENTS = YES;
				CLANG_WARN_EMPTY_BODY = YES;
				CLANG_WARN_ENUM_CONVERSION = YES;
				CLANG_WARN_INFINITE_RECURSION = YES;
				CLANG_WARN_INT_CONVERSION = YES;
				CLANG_WARN_NON_LITERAL_NULL_CONVERSION = YES;
				CLANG_WARN_OBJC_IMPLICIT_RETAIN_SELF = YES;
				CLANG_WARN_OBJC_LITERAL_CONVERSION = YES;
				CLANG_WARN_OBJC_ROOT_CLASS = YES_ERROR;
				CLANG_WARN_QUOTED_INCLUDE_IN_FRAMEWORK_HEADER = YES;
				CLANG_WARN_RANGE_LOOP_ANALYSIS = YES;
				CLANG_WARN_STRICT_PROTOTYPES = YES;
				CLANG_WARN_SUSPICIOUS_MOVE = YES;
				CLANG_WARN_UNGUARDED_AVAILABILITY = YES_AGGRESSIVE;
				CLANG_WARN_UNREACHABLE_CODE = YES;
				CLANG_WARN__DUPLICATE_METHOD_MATCH = YES;
				COPY_PHASE_STRIP = NO;
				DEBUG_INFORMATION_FORMAT = dwarf;
				ENABLE_STRICT_OBJC_MSGSEND = YES;
				ENABLE_TESTABILITY = YES;
				GCC_C_LANGUAGE_STANDARD = gnu11;
				GCC_DYNAMIC_NO_PIC = NO;
				GCC_NO_COMMON_BLOCKS = YES;
				GCC_OPTIMIZATION_LEVEL = 0;
				GCC_PREPROCESSOR_DEFINITIONS = (
					"DEBUG=1",
					"$(inherited)",
				);
				GCC_WARN_64_TO_32_BIT_CONVERSION = YES;
				GCC_WARN_ABOUT_RETURN_TYPE = YES_ERROR;
				GCC_WARN_UNDECLARED_SELECTOR = YES;
				GCC_WARN_UNINITIALIZED_AUTOS = YES_AGGRESSIVE;
				GCC_WARN_UNUSED_FUNCTION = YES;
				GCC_WARN_UNUSED_VARIABLE = YES;
				IPHONEOS_DEPLOYMENT_TARGET = 15.0;
				MTL_ENABLE_DEBUG_INFO = INCLUDE_SOURCE;
				MTL_FAST_MATH = YES;
				ONLY_ACTIVE_ARCH = YES;
				SDKROOT = iphoneos;
				SWIFT_ACTIVE_COMPILATION_CONDITIONS = DEBUG;
				SWIFT_OPTIMIZATION_LEVEL = "-Onone";
			};
			name = Debug;
		};
		57B61A25274E48B7009EAD4A /* Release */ = {
			isa = XCBuildConfiguration;
			buildSettings = {
				ALWAYS_SEARCH_USER_PATHS = NO;
				CLANG_ANALYZER_NONNULL = YES;
				CLANG_ANALYZER_NUMBER_OBJECT_CONVERSION = YES_AGGRESSIVE;
				CLANG_CXX_LANGUAGE_STANDARD = "gnu++17";
				CLANG_CXX_LIBRARY = "libc++";
				CLANG_ENABLE_MODULES = YES;
				CLANG_ENABLE_OBJC_ARC = YES;
				CLANG_ENABLE_OBJC_WEAK = YES;
				CLANG_WARN_BLOCK_CAPTURE_AUTORELEASING = YES;
				CLANG_WARN_BOOL_CONVERSION = YES;
				CLANG_WARN_COMMA = YES;
				CLANG_WARN_CONSTANT_CONVERSION = YES;
				CLANG_WARN_DEPRECATED_OBJC_IMPLEMENTATIONS = YES;
				CLANG_WARN_DIRECT_OBJC_ISA_USAGE = YES_ERROR;
				CLANG_WARN_DOCUMENTATION_COMMENTS = YES;
				CLANG_WARN_EMPTY_BODY = YES;
				CLANG_WARN_ENUM_CONVERSION = YES;
				CLANG_WARN_INFINITE_RECURSION = YES;
				CLANG_WARN_INT_CONVERSION = YES;
				CLANG_WARN_NON_LITERAL_NULL_CONVERSION = YES;
				CLANG_WARN_OBJC_IMPLICIT_RETAIN_SELF = YES;
				CLANG_WARN_OBJC_LITERAL_CONVERSION = YES;
				CLANG_WARN_OBJC_ROOT_CLASS = YES_ERROR;
				CLANG_WARN_QUOTED_INCLUDE_IN_FRAMEWORK_HEADER = YES;
				CLANG_WARN_RANGE_LOOP_ANALYSIS = YES;
				CLANG_WARN_STRICT_PROTOTYPES = YES;
				CLANG_WARN_SUSPICIOUS_MOVE = YES;
				CLANG_WARN_UNGUARDED_AVAILABILITY = YES_AGGRESSIVE;
				CLANG_WARN_UNREACHABLE_CODE = YES;
				CLANG_WARN__DUPLICATE_METHOD_MATCH = YES;
				COPY_PHASE_STRIP = NO;
				DEBUG_INFORMATION_FORMAT = "dwarf-with-dsym";
				ENABLE_NS_ASSERTIONS = NO;
				ENABLE_STRICT_OBJC_MSGSEND = YES;
				GCC_C_LANGUAGE_STANDARD = gnu11;
				GCC_NO_COMMON_BLOCKS = YES;
				GCC_WARN_64_TO_32_BIT_CONVERSION = YES;
				GCC_WARN_ABOUT_RETURN_TYPE = YES_ERROR;
				GCC_WARN_UNDECLARED_SELECTOR = YES;
				GCC_WARN_UNINITIALIZED_AUTOS = YES_AGGRESSIVE;
				GCC_WARN_UNUSED_FUNCTION = YES;
				GCC_WARN_UNUSED_VARIABLE = YES;
				IPHONEOS_DEPLOYMENT_TARGET = 15.0;
				MTL_ENABLE_DEBUG_INFO = NO;
				MTL_FAST_MATH = YES;
				SDKROOT = iphoneos;
				SWIFT_COMPILATION_MODE = wholemodule;
				SWIFT_OPTIMIZATION_LEVEL = "-O";
				VALIDATE_PRODUCT = YES;
			};
			name = Release;
		};
		57B61A27274E48B7009EAD4A /* Debug */ = {
			isa = XCBuildConfiguration;
			buildSettings = {
				ASSETCATALOG_COMPILER_APPICON_NAME = AppIcon;
				ASSETCATALOG_COMPILER_GLOBAL_ACCENT_COLOR_NAME = AccentColor;
				CODE_SIGN_STYLE = Automatic;
				CURRENT_PROJECT_VERSION = 1;
				DEVELOPMENT_TEAM = FN48ZWF64X;
				GENERATE_INFOPLIST_FILE = YES;
				INFOPLIST_FILE = YLAutoCycleScrollView/Info.plist;
				INFOPLIST_KEY_UIApplicationSupportsIndirectInputEvents = YES;
				INFOPLIST_KEY_UILaunchStoryboardName = LaunchScreen;
				INFOPLIST_KEY_UIMainStoryboardFile = Main;
				INFOPLIST_KEY_UISupportedInterfaceOrientations_iPad = "UIInterfaceOrientationPortrait UIInterfaceOrientationPortraitUpsideDown UIInterfaceOrientationLandscapeLeft UIInterfaceOrientationLandscapeRight";
				INFOPLIST_KEY_UISupportedInterfaceOrientations_iPhone = "UIInterfaceOrientationPortrait UIInterfaceOrientationLandscapeLeft UIInterfaceOrientationLandscapeRight";
				LD_RUNPATH_SEARCH_PATHS = (
					"$(inherited)",
					"@executable_path/Frameworks",
				);
				MARKETING_VERSION = 1.0;
				PRODUCT_BUNDLE_IDENTIFIER = com.JoyReach.www.yuanqiBox.YLAutoCycleScrollView;
				PRODUCT_NAME = "$(TARGET_NAME)";
				SWIFT_EMIT_LOC_STRINGS = YES;
				SWIFT_VERSION = 5.0;
				TARGETED_DEVICE_FAMILY = "1,2";
			};
			name = Debug;
		};
		57B61A28274E48B7009EAD4A /* Release */ = {
			isa = XCBuildConfiguration;
			buildSettings = {
				ASSETCATALOG_COMPILER_APPICON_NAME = AppIcon;
				ASSETCATALOG_COMPILER_GLOBAL_ACCENT_COLOR_NAME = AccentColor;
				CODE_SIGN_STYLE = Automatic;
				CURRENT_PROJECT_VERSION = 1;
				DEVELOPMENT_TEAM = FN48ZWF64X;
				GENERATE_INFOPLIST_FILE = YES;
				INFOPLIST_FILE = YLAutoCycleScrollView/Info.plist;
				INFOPLIST_KEY_UIApplicationSupportsIndirectInputEvents = YES;
				INFOPLIST_KEY_UILaunchStoryboardName = LaunchScreen;
				INFOPLIST_KEY_UIMainStoryboardFile = Main;
				INFOPLIST_KEY_UISupportedInterfaceOrientations_iPad = "UIInterfaceOrientationPortrait UIInterfaceOrientationPortraitUpsideDown UIInterfaceOrientationLandscapeLeft UIInterfaceOrientationLandscapeRight";
				INFOPLIST_KEY_UISupportedInterfaceOrientations_iPhone = "UIInterfaceOrientationPortrait UIInterfaceOrientationLandscapeLeft UIInterfaceOrientationLandscapeRight";
				LD_RUNPATH_SEARCH_PATHS = (
					"$(inherited)",
					"@executable_path/Frameworks",
				);
				MARKETING_VERSION = 1.0;
				PRODUCT_BUNDLE_IDENTIFIER = com.JoyReach.www.yuanqiBox.YLAutoCycleScrollView;
				PRODUCT_NAME = "$(TARGET_NAME)";
				SWIFT_EMIT_LOC_STRINGS = YES;
				SWIFT_VERSION = 5.0;
				TARGETED_DEVICE_FAMILY = "1,2";
			};
			name = Release;
		};
/* End XCBuildConfiguration section */

/* Begin XCConfigurationList section */
		57B61A0D274E48B5009EAD4A /* Build configuration list for PBXProject "YLAutoCycleScrollView" */ = {
			isa = XCConfigurationList;
			buildConfigurations = (
				57B61A24274E48B7009EAD4A /* Debug */,
				57B61A25274E48B7009EAD4A /* Release */,
			);
			defaultConfigurationIsVisible = 0;
			defaultConfigurationName = Release;
		};
		57B61A26274E48B7009EAD4A /* Build configuration list for PBXNativeTarget "YLAutoCycleScrollView" */ = {
			isa = XCConfigurationList;
			buildConfigurations = (
				57B61A27274E48B7009EAD4A /* Debug */,
				57B61A28274E48B7009EAD4A /* Release */,
			);
			defaultConfigurationIsVisible = 0;
			defaultConfigurationName = Release;
		};
/* End XCConfigurationList section */
	};
	rootObject = 57B61A0A274E48B5009EAD4A /* Project object */;
}
